<?xml version="1.0" encoding="utf-8"?>
<Project ToolsVersion="4.0" xmlns="http://schemas.microsoft.com/developer/msbuild/2003">
  <ItemGroup>
    <Filter Include="Common">
      <UniqueIdentifier>{93995380-89BD-4b04-88EB-625FBE52EBFB}</UniqueIdentifier>
      <Extensions>h;hh;hpp;hxx;hm;inl;inc;ipp;xsd</Extensions>
    </Filter>
    <Filter Include="Main">
      <UniqueIdentifier>{4FC737F1-C7A5-4376-A066-2A32D752A2FF}</UniqueIdentifier>
      <Extensions>cpp;c;cc;cxx;def;odl;idl;hpj;bat;asm;asmx</Extensions>
    </Filter>
    <Filter Include="Shader">
      <UniqueIdentifier>{67DA6AB6-F800-4c08-8B7A-83BB121AAD01}</UniqueIdentifier>
      <Extensions>rc;ico;cur;bmp;dlg;rc2;rct;bin;rgs;gif;jpg;jpeg;jpe;resx;tiff;tif;png;wav;mfcribbon-ms</Extensions>
    </Filter>
    <Filter Include="GameObject">
      <UniqueIdentifier>{c5f86b52-bd17-4b17-8bd3-8f15e358b539}</UniqueIdentifier>
    </Filter>
    <Filter Include="Effect">
      <UniqueIdentifier>{f29bb2c2-7b31-43bf-ac0e-c23ece82332c}</UniqueIdentifier>
    </Filter>
    <Filter Include="Manager">
      <UniqueIdentifier>{84783fb6-0712-4c89-b204-6405593d4abb}</UniqueIdentifier>
    </Filter>
  </ItemGroup>
  <ItemGroup>
    <FxCompile Include="Shaders\Common.hlsl">
      <Filter>Shader</Filter>
    </FxCompile>
    <FxCompile Include="Shaders\Default.hlsl">
      <Filter>Shader</Filter>
    </FxCompile>
    <FxCompile Include="Shaders\LightingUtil.hlsl">
      <Filter>Shader</Filter>
    </FxCompile>
    <FxCompile Include="Shaders\Sky.hlsl">
      <Filter>Shader</Filter>
    </FxCompile>
    <FxCompile Include="Shaders\UI.hlsl">
      <Filter>Shader</Filter>
    </FxCompile>
    <FxCompile Include="Shaders\Grey.hlsl">
      <Filter>Shader</Filter>
    </FxCompile>
    <FxCompile Include="Shaders\Blur.hlsl">
      <Filter>Shader</Filter>
    </FxCompile>
    <FxCompile Include="Shaders\Sobel.hlsl">
      <Filter>Shader</Filter>
    </FxCompile>
    <FxCompile Include="Shaders\Inverse.hlsl">
      <Filter>Shader</Filter>
    </FxCompile>
    <FxCompile Include="Shaders\Multiply.hlsl">
      <Filter>Shader</Filter>
    </FxCompile>
  </ItemGroup>
  <ItemGroup>
    <ClCompile Include="D3D12App.cpp">
      <Filter>Main</Filter>
    </ClCompile>
    <ClCompile Include="TheMain.cpp">
      <Filter>Main</Filter>
    </ClCompile>
    <ClCompile Include="Common\Camera.cpp">
      <Filter>Common</Filter>
    </ClCompile>
    <ClCompile Include="Common\D3DApp.cpp">
      <Filter>Common</Filter>
    </ClCompile>
    <ClCompile Include="Common\d3dUtil.cpp">
      <Filter>Common</Filter>
    </ClCompile>
    <ClCompile Include="Common\DDSTextureLoader.cpp">
      <Filter>Common</Filter>
    </ClCompile>
    <ClCompile Include="Common\GameTimer.cpp">
      <Filter>Common</Filter>
    </ClCompile>
    <ClCompile Include="Common\GeometryGenerator.cpp">
      <Filter>Common</Filter>
    </ClCompile>
    <ClCompile Include="Common\MathHelper.cpp">
      <Filter>Common</Filter>
    </ClCompile>
    <ClCompile Include="Effect\Wireframe.cpp">
      <Filter>Effect</Filter>
    </ClCompile>
    <ClCompile Include="Effect\BlurFilter.cpp">
      <Filter>Effect</Filter>
    </ClCompile>
    <ClCompile Include="Effect\DrawQuad.cpp">
      <Filter>Effect</Filter>
    </ClCompile>
    <ClCompile Include="Effect\RenderTarget.cpp">
      <Filter>Effect</Filter>
    </ClCompile>
    <ClCompile Include="Effect\DepthComplexityUseStencil.cpp">
      <Filter>Effect</Filter>
    </ClCompile>
    <ClCompile Include="Effect\DepthComplexityUseBlend.cpp">
      <Filter>Effect</Filter>
    </ClCompile>
    <ClCompile Include="Effect\InverseFilter.cpp">
      <Filter>Effect</Filter>
    </ClCompile>
    <ClCompile Include="Effect\SobelFilter.cpp">
      <Filter>Effect</Filter>
    </ClCompile>
    <ClCompile Include="Effect\ShaderResource.cpp">
      <Filter>Effect</Filter>
    </ClCompile>
    <ClCompile Include="Effect\MultiplyFilter.cpp">
      <Filter>Effect</Filter>
    </ClCompile>
    <ClCompile Include="Manager\Instance.cpp">
      <Filter>Manager</Filter>
    </ClCompile>
    <ClCompile Include="Manager\InstanceManager.cpp">
      <Filter>Manager</Filter>
    </ClCompile>
    <ClCompile Include="Manager\MaterialManager.cpp">
      <Filter>Manager</Filter>
    </ClCompile>
    <ClCompile Include="Manager\MeshManager.cpp">
      <Filter>Manager</Filter>
    </ClCompile>
    <ClCompile Include="Manager\TextureManager.cpp">
      <Filter>Manager</Filter>
    </ClCompile>
    <ClCompile Include="Manager\GameObject.cpp">
      <Filter>Manager</Filter>
    </ClCompile>
    <ClCompile Include="Manager\GameObjectManager.cpp">
      <Filter>Manager</Filter>
    </ClCompile>
    <ClCompile Include="GameObject\Hill.cpp">
      <Filter>GameObject</Filter>
    </ClCompile>
    <ClCompile Include="GameObject\Wave.cpp">
      <Filter>GameObject</Filter>
    </ClCompile>
  </ItemGroup>
  <ItemGroup>
    <ClInclude Include="D3D12App.h">
      <Filter>Main</Filter>
    </ClInclude>
    <ClInclude Include="Common\Camera.h">
      <Filter>Common</Filter>
    </ClInclude>
    <ClInclude Include="Common\D3DApp.h">
      <Filter>Common</Filter>
    </ClInclude>
    <ClInclude Include="Common\d3dUtil.h">
      <Filter>Common</Filter>
    </ClInclude>
    <ClInclude Include="Common\d3dx12.h">
      <Filter>Common</Filter>
    </ClInclude>
    <ClInclude Include="Common\DDSTextureLoader.h">
      <Filter>Common</Filter>
    </ClInclude>
    <ClInclude Include="Common\FrameResource.h">
      <Filter>Common</Filter>
    </ClInclude>
    <ClInclude Include="Common\GameTimer.h">
      <Filter>Common</Filter>
    </ClInclude>
    <ClInclude Include="Common\GeometryGenerator.h">
      <Filter>Common</Filter>
    </ClInclude>
    <ClInclude Include="Common\MathHelper.h">
      <Filter>Common</Filter>
    </ClInclude>
    <ClInclude Include="Common\UploadBuffer.h">
      <Filter>Common</Filter>
    </ClInclude>
    <ClInclude Include="Effect\Wireframe.h">
      <Filter>Effect</Filter>
    </ClInclude>
    <ClInclude Include="Effect\BlurFilter.h">
      <Filter>Effect</Filter>
    </ClInclude>
    <ClInclude Include="Effect\DrawQuad.h">
      <Filter>Effect</Filter>
    </ClInclude>
    <ClInclude Include="Effect\RenderTarget.h">
      <Filter>Effect</Filter>
    </ClInclude>
    <ClInclude Include="Effect\DepthComplexityUseStencil.h">
      <Filter>Effect</Filter>
    </ClInclude>
    <ClInclude Include="Effect\DepthComplexityUseBlend.h">
      <Filter>Effect</Filter>
    </ClInclude>
    <ClInclude Include="Effect\InverseFilter.h">
      <Filter>Effect</Filter>
    </ClInclude>
    <ClInclude Include="Effect\SobelFilter.h">
      <Filter>Effect</Filter>
    </ClInclude>
    <ClInclude Include="Effect\ShaderResource.h">
      <Filter>Effect</Filter>
    </ClInclude>
    <ClInclude Include="Effect\MultiplyFilter.h">
      <Filter>Effect</Filter>
    </ClInclude>
    <ClInclude Include="Manager\Instance.h">
      <Filter>Manager</Filter>
    </ClInclude>
    <ClInclude Include="Manager\InstanceManager.h">
      <Filter>Manager</Filter>
    </ClInclude>
    <ClInclude Include="Manager\MaterialManager.h">
      <Filter>Manager</Filter>
    </ClInclude>
    <ClInclude Include="Manager\MeshManager.h">
      <Filter>Manager</Filter>
    </ClInclude>
    <ClInclude Include="Manager\TextureManager.h">
      <Filter>Manager</Filter>
    </ClInclude>
    <ClInclude Include="Manager\GameObject.h">
      <Filter>Manager</Filter>
    </ClInclude>
    <ClInclude Include="Manager\GameObjectManager.h">
      <Filter>Manager</Filter>
    </ClInclude>
    <ClInclude Include="GameObject\Hill.h">
      <Filter>GameObject</Filter>
    </ClInclude>
    <ClInclude Include="GameObject\Wave.h">
      <Filter>GameObject</Filter>
    </ClInclude>
  </ItemGroup>
</Project>